// !$*UTF8*$!
{
	archiveVersion = 1;
	classes = {
	};
	objectVersion = 50;
	objects = {

/* Begin PBXBuildFile section */
		01787FB7243B4E6400FF6CAC /* AppDelegate.swift in Sources */ = {isa = PBXBuildFile; fileRef = 01787FB6243B4E6400FF6CAC /* AppDelegate.swift */; };
		01787FB9243B4E6400FF6CAC /* SceneDelegate.swift in Sources */ = {isa = PBXBuildFile; fileRef = 01787FB8243B4E6400FF6CAC /* SceneDelegate.swift */; };
		01787FBB243B4E6400FF6CAC /* ViewController.swift in Sources */ = {isa = PBXBuildFile; fileRef = 01787FBA243B4E6400FF6CAC /* ViewController.swift */; };
		01787FBE243B4E6400FF6CAC /* Main.storyboard in Resources */ = {isa = PBXBuildFile; fileRef = 01787FBC243B4E6400FF6CAC /* Main.storyboard */; };
		01787FC0243B4E6600FF6CAC /* Assets.xcassets in Resources */ = {isa = PBXBuildFile; fileRef = 01787FBF243B4E6600FF6CAC /* Assets.xcassets */; };
		01787FC3243B4E6600FF6CAC /* LaunchScreen.storyboard in Resources */ = {isa = PBXBuildFile; fileRef = 01787FC1243B4E6600FF6CAC /* LaunchScreen.storyboard */; };
		01787FCD243B4E7300FF6CAC /* HealthKit.framework in Frameworks */ = {isa = PBXBuildFile; fileRef = 01787FCC243B4E7300FF6CAC /* HealthKit.framework */; };
/* End PBXBuildFile section */

/* Begin PBXFileReference section */
		01787FB3243B4E6400FF6CAC /* healthKitRead.app */ = {isa = PBXFileReference; explicitFileType = wrapper.application; includeInIndex = 0; path = healthKitRead.app; sourceTree = BUILT_PRODUCTS_DIR; };
		01787FB6243B4E6400FF6CAC /* AppDelegate.swift */ = {isa = PBXFileReference; lastKnownFileType = sourcecode.swift; path = AppDelegate.swift; sourceTree = "<group>"; };
		01787FB8243B4E6400FF6CAC /* SceneDelegate.swift */ = {isa = PBXFileReference; lastKnownFileType = sourcecode.swift; path = SceneDelegate.swift; sourceTree = "<group>"; };
		01787FBA243B4E6400FF6CAC /* ViewController.swift */ = {isa = PBXFileReference; lastKnownFileType = sourcecode.swift; path = ViewController.swift; sourceTree = "<group>"; };
		01787FBD243B4E6400FF6CAC /* Base */ = {isa = PBXFileReference; lastKnownFileType = file.storyboard; name = Base; path = Base.lproj/Main.storyboard; sourceTree = "<group>"; };
		01787FBF243B4E6600FF6CAC /* Assets.xcassets */ = {isa = PBXFileReference; lastKnownFileType = folder.assetcatalog; path = Assets.xcassets; sourceTree = "<group>"; };
		01787FC2243B4E6600FF6CAC /* Base */ = {isa = PBXFileReference; lastKnownFileType = file.storyboard; name = Base; path = Base.lproj/LaunchScreen.storyboard; sourceTree = "<group>"; };
		01787FC4243B4E6600FF6CAC /* Info.plist */ = {isa = PBXFileReference; lastKnownFileType = text.plist.xml; path = Info.plist; sourceTree = "<group>"; };
		01787FCA243B4E7300FF6CAC /* healthKitRead.entitlements */ = {isa = PBXFileReference; lastKnownFileType = text.plist.entitlements; path = healthKitRead.entitlements; sourceTree = "<group>"; };
		01787FCC243B4E7300FF6CAC /* HealthKit.framework */ = {isa = PBXFileReference; lastKnownFileType = wrapper.framework; name = HealthKit.framework; path = System/Library/Frameworks/HealthKit.framework; sourceTree = SDKROOT; };
/* End PBXFileReference section */

/* Begin PBXFrameworksBuildPhase section */
		01787FB0243B4E6400FF6CAC /* Frameworks */ = {
			isa = PBXFrameworksBuildPhase;
			buildActionMask = 2147483647;
			files = (
				01787FCD243B4E7300FF6CAC /* HealthKit.framework in Frameworks */,
			);
			runOnlyForDeploymentPostprocessing = 0;
		};
/* End PBXFrameworksBuildPhase section */

/* Begin PBXGroup section */
		01787FAA243B4E6400FF6CAC = {
			isa = PBXGroup;
			children = (
				01787FB5243B4E6400FF6CAC /* healthKitRead */,
				01787FB4243B4E6400FF6CAC /* Products */,
				01787FCB243B4E7300FF6CAC /* Frameworks */,
			);
			sourceTree = "<group>";
		};
		01787FB4243B4E6400FF6CAC /* Products */ = {
			isa = PBXGroup;
			children = (
				01787FB3243B4E6400FF6CAC /* healthKitRead.app */,
			);
			name = Products;
			sourceTree = "<group>";
		};
		01787FB5243B4E6400FF6CAC /* healthKitRead */ = {
			isa = PBXGroup;
			children = (
				01787FCA243B4E7300FF6CAC /* healthKitRead.entitlements */,
				01787FB6243B4E6400FF6CAC /* AppDelegate.swift */,
				01787FB8243B4E6400FF6CAC /* SceneDelegate.swift */,
				01787FBA243B4E6400FF6CAC /* ViewController.swift */,
				01787FBC243B4E6400FF6CAC /* Main.storyboard */,
				01787FBF243B4E6600FF6CAC /* Assets.xcassets */,
				01787FC1243B4E6600FF6CAC /* LaunchScreen.storyboard */,
				01787FC4243B4E6600FF6CAC /* Info.plist */,
			);
			path = healthKitRead;
			sourceTree = "<group>";
		};
		01787FCB243B4E7300FF6CAC /* Frameworks */ = {
			isa = PBXGroup;
			children = (
				01787FCC243B4E7300FF6CAC /* HealthKit.framework */,
			);
			name = Frameworks;
			sourceTree = "<group>";
		};
/* End PBXGroup section */

/* Begin PBXNativeTarget section */
		01787FB2243B4E6400FF6CAC /* healthKitRead */ = {
			isa = PBXNativeTarget;
			buildConfigurationList = 01787FC7243B4E6600FF6CAC /* Build configuration list for PBXNativeTarget "healthKitRead" */;
			buildPhases = (
				01787FAF243B4E6400FF6CAC /* Sources */,
				01787FB0243B4E6400FF6CAC /* Frameworks */,
				01787FB1243B4E6400FF6CAC /* Resources */,
			);
			buildRules = (
			);
			dependencies = (
			);
			name = healthKitRead;
			productName = healthKitRead;
			productReference = 01787FB3243B4E6400FF6CAC /* healthKitRead.app */;
			productType = "com.apple.product-type.application";
		};
/* End PBXNativeTarget section */

/* Begin PBXProject section */
		01787FAB243B4E6400FF6CAC /* Project object */ = {
			isa = PBXProject;
			attributes = {
				LastSwiftUpdateCheck = 1130;
				LastUpgradeCheck = 1130;
				ORGANIZATIONNAME = nick;
				TargetAttributes = {
					01787FB2243B4E6400FF6CAC = {
						CreatedOnToolsVersion = 11.3.1;
					};
				};
			};
			buildConfigurationList = 01787FAE243B4E6400FF6CAC /* Build configuration list for PBXProject "healthKitRead" */;
			compatibilityVersion = "Xcode 9.3";
			developmentRegion = en;
			hasScannedForEncodings = 0;
			knownRegions = (
				en,
				Base,
			);
			mainGroup = 01787FAA243B4E6400FF6CAC;
			productRefGroup = 01787FB4243B4E6400FF6CAC /* Products */;
			projectDirPath = "";
			projectRoot = "";
			targets = (
				01787FB2243B4E6400FF6CAC /* healthKitRead */,
			);
		};
/* End PBXProject section */

/* Begin PBXResourcesBuildPhase section */
		01787FB1243B4E6400FF6CAC /* Resources */ = {
			isa = PBXResourcesBuildPhase;
			buildActionMask = 2147483647;
			files = (
				01787FC3243B4E6600FF6CAC /* LaunchScreen.storyboard in Resources */,
				01787FC0243B4E6600FF6CAC /* Assets.xcassets in Resources */,
				01787FBE243B4E6400FF6CAC /* Main.storyboard in Resources */,
			);
			runOnlyForDeploymentPostprocessing = 0;
		};
/* End PBXResourcesBuildPhase section */

/* Begin PBXSourcesBuildPhase section */
		01787FAF243B4E6400FF6CAC /* Sources */ = {
			isa = PBXSourcesBuildPhase;
			buildActionMask = 2147483647;
			files = (
				01787FBB243B4E6400FF6CAC /* ViewController.swift in Sources */,
				01787FB7243B4E6400FF6CAC /* AppDelegate.swift in Sources */,
				01787FB9243B4E6400FF6CAC /* SceneDelegate.swift in Sources */,
			);
			runOnlyForDeploymentPostprocessing = 0;
		};
/* End PBXSourcesBuildPhase section */

/* Begin PBXVariantGroup section */
		01787FBC243B4E6400FF6CAC /* Main.storyboard */ = {
			isa = PBXVariantGroup;
			children = (
				01787FBD243B4E6400FF6CAC /* Base */,
			);
			name = Main.storyboard;
			sourceTree = "<group>";
		};
		01787FC1243B4E6600FF6CAC /* LaunchScreen.storyboard */ = {
			isa = PBXVariantGroup;
			children = (
				01787FC2243B4E6600FF6CAC /* Base */,
			);
			name = LaunchScreen.storyboard;
			sourceTree = "<group>";
		};
/* End PBXVariantGroup section */

/* Begin XCBuildConfiguration section */
		01787FC5243B4E6600FF6CAC /* Debug */ = {
			isa = XCBuildConfiguration;
			buildSettings = {
				ALWAYS_SEARCH_USER_PATHS = NO;
				CLANG_ANALYZER_NONNULL = YES;
				CLANG_ANALYZER_NUMBER_OBJECT_CONVERSION = YES_AGGRESSIVE;
				CLANG_CXX_LANGUAGE_STANDARD = "gnu++14";
				CLANG_CXX_LIBRARY = "libc++";
				CLANG_ENABLE_MODULES = YES;
				CLANG_ENABLE_OBJC_ARC = YES;
				CLANG_ENABLE_OBJC_WEAK = YES;
				CLANG_WARN_BLOCK_CAPTURE_AUTORELEASING = YES;
				CLANG_WARN_BOOL_CONVERSION = YES;
				CLANG_WARN_COMMA = YES;
				CLANG_WARN_CONSTANT_CONVERSION = YES;
				CLANG_WARN_DEPRECATED_OBJC_IMPLEMENTATIONS = YES;
				CLANG_WARN_DIRECT_OBJC_ISA_USAGE = YES_ERROR;
				CLANG_WARN_DOCUMENTATION_COMMENTS = YES;
				CLANG_WARN_EMPTY_BODY = YES;
				CLANG_WARN_ENUM_CONVERSION = YES;
				CLANG_WARN_INFINITE_RECURSION = YES;
				CLANG_WARN_INT_CONVERSION = YES;
				CLANG_WARN_NON_LITERAL_NULL_CONVERSION = YES;
				CLANG_WARN_OBJC_IMPLICIT_RETAIN_SELF = YES;
				CLANG_WARN_OBJC_LITERAL_CONVERSION = YES;
				CLANG_WARN_OBJC_ROOT_CLASS = YES_ERROR;
				CLANG_WARN_RANGE_LOOP_ANALYSIS = YES;
				CLANG_WARN_STRICT_PROTOTYPES = YES;
				CLANG_WARN_SUSPICIOUS_MOVE = YES;
				CLANG_WARN_UNGUARDED_AVAILABILITY = YES_AGGRESSIVE;
				CLANG_WARN_UNREACHABLE_CODE = YES;
				CLANG_WARN__DUPLICATE_METHOD_MATCH = YES;
				COPY_PHASE_STRIP = NO;
				DEBUG_INFORMATION_FORMAT = dwarf;
				ENABLE_STRICT_OBJC_MSGSEND = YES;
				ENABLE_TESTABILITY = YES;
				GCC_C_LANGUAGE_STANDARD = gnu11;
				GCC_DYNAMIC_NO_PIC = NO;
				GCC_NO_COMMON_BLOCKS = YES;
				GCC_OPTIMIZATION_LEVEL = 0;
				GCC_PREPROCESSOR_DEFINITIONS = (
					"DEBUG=1",
					"$(inherited)",
				);
				GCC_WARN_64_TO_32_BIT_CONVERSION = YES;
				GCC_WARN_ABOUT_RETURN_TYPE = YES_ERROR;
				GCC_WARN_UNDECLARED_SELECTOR = YES;
				GCC_WARN_UNINITIALIZED_AUTOS = YES_AGGRESSIVE;
				GCC_WARN_UNUSED_FUNCTION = YES;
				GCC_WARN_UNUSED_VARIABLE = YES;
				IPHONEOS_DEPLOYMENT_TARGET = 13.2;
				MTL_ENABLE_DEBUG_INFO = INCLUDE_SOURCE;
				MTL_FAST_MATH = YES;
				ONLY_ACTIVE_ARCH = YES;
				SDKROOT = iphoneos;
				SWIFT_ACTIVE_COMPILATION_CONDITIONS = DEBUG;
				SWIFT_OPTIMIZATION_LEVEL = "-Onone";
			};
			name = Debug;
		};
		01787FC6243B4E6600FF6CAC /* Release */ = {
			isa = XCBuildConfiguration;
			buildSettings = {
				ALWAYS_SEARCH_USER_PATHS = NO;
				CLANG_ANALYZER_NONNULL = YES;
				CLANG_ANALYZER_NUMBER_OBJECT_CONVERSION = YES_AGGRESSIVE;
				CLANG_CXX_LANGUAGE_STANDARD = "gnu++14";
				CLANG_CXX_LIBRARY = "libc++";
				CLANG_ENABLE_MODULES = YES;
				CLANG_ENABLE_OBJC_ARC = YES;
				CLANG_ENABLE_OBJC_WEAK = YES;
				CLANG_WARN_BLOCK_CAPTURE_AUTORELEASING = YES;
				CLANG_WARN_BOOL_CONVERSION = YES;
				CLANG_WARN_COMMA = YES;
				CLANG_WARN_CONSTANT_CONVERSION = YES;
				CLANG_WARN_DEPRECATED_OBJC_IMPLEMENTATIONS = YES;
				CLANG_WARN_DIRECT_OBJC_ISA_USAGE = YES_ERROR;
				CLANG_WARN_DOCUMENTATION_COMMENTS = YES;
				CLANG_WARN_EMPTY_BODY = YES;
				CLANG_WARN_ENUM_CONVERSION = YES;
				CLANG_WARN_INFINITE_RECURSION = YES;
				CLANG_WARN_INT_CONVERSION = YES;
				CLANG_WARN_NON_LITERAL_NULL_CONVERSION = YES;
				CLANG_WARN_OBJC_IMPLICIT_RETAIN_SELF = YES;
				CLANG_WARN_OBJC_LITERAL_CONVERSION = YES;
				CLANG_WARN_OBJC_ROOT_CLASS = YES_ERROR;
				CLANG_WARN_RANGE_LOOP_ANALYSIS = YES;
				CLANG_WARN_STRICT_PROTOTYPES = YES;
				CLANG_WARN_SUSPICIOUS_MOVE = YES;
				CLANG_WARN_UNGUARDED_AVAILABILITY = YES_AGGRESSIVE;
				CLANG_WARN_UNREACHABLE_CODE = YES;
				CLANG_WARN__DUPLICATE_METHOD_MATCH = YES;
				COPY_PHASE_STRIP = NO;
				DEBUG_INFORMATION_FORMAT = "dwarf-with-dsym";
				ENABLE_NS_ASSERTIONS = NO;
				ENABLE_STRICT_OBJC_MSGSEND = YES;
				GCC_C_LANGUAGE_STANDARD = gnu11;
				GCC_NO_COMMON_BLOCKS = YES;
				GCC_WARN_64_TO_32_BIT_CONVERSION = YES;
				GCC_WARN_ABOUT_RETURN_TYPE = YES_ERROR;
				GCC_WARN_UNDECLARED_SELECTOR = YES;
				GCC_WARN_UNINITIALIZED_AUTOS = YES_AGGRESSIVE;
				GCC_WARN_UNUSED_FUNCTION = YES;
				GCC_WARN_UNUSED_VARIABLE = YES;
				IPHONEOS_DEPLOYMENT_TARGET = 13.2;
				MTL_ENABLE_DEBUG_INFO = NO;
				MTL_FAST_MATH = YES;
				SDKROOT = iphoneos;
				SWIFT_COMPILATION_MODE = wholemodule;
				SWIFT_OPTIMIZATION_LEVEL = "-O";
				VALIDATE_PRODUCT = YES;
			};
			name = Release;
		};
		01787FC8243B4E6600FF6CAC /* Debug */ = {
			isa = XCBuildConfiguration;
			buildSettings = {
				ASSETCATALOG_COMPILER_APPICON_NAME = AppIcon;
				CODE_SIGN_ENTITLEMENTS = healthKitRead/healthKitRead.entitlements;
				CODE_SIGN_STYLE = Automatic;
				DEVELOPMENT_TEAM = QB64383Y9V;
				INFOPLIST_FILE = healthKitRead/Info.plist;
				LD_RUNPATH_SEARCH_PATHS = (
					"$(inherited)",
					"@executable_path/Frameworks",
				);
				PRODUCT_BUNDLE_IDENTIFIER = com.nick.healthKitRead;
				PRODUCT_NAME = "$(TARGET_NAME)";
				SWIFT_VERSION = 5.0;
				TARGETED_DEVICE_FAMILY = "1,2";
			};
			name = Debug;
		};
		01787FC9243B4E6600FF6CAC /* Release */ = {
			isa = XCBuildConfiguration;
			buildSettings = {
				ASSETCATALOG_COMPILER_APPICON_NAME = AppIcon;
				CODE_SIGN_ENTITLEMENTS = healthKitRead/healthKitRead.entitlements;
				CODE_SIGN_STYLE = Automatic;
				DEVELOPMENT_TEAM = QB64383Y9V;
				INFOPLIST_FILE = healthKitRead/Info.plist;
				LD_RUNPATH_SEARCH_PATHS = (
					"$(inherited)",
					"@executable_path/Frameworks",
				);
				PRODUCT_BUNDLE_IDENTIFIER = com.nick.healthKitRead;
				PRODUCT_NAME = "$(TARGET_NAME)";
				SWIFT_VERSION = 5.0;
				TARGETED_DEVICE_FAMILY = "1,2";
			};
			name = Release;
		};
/* End XCBuildConfiguration section */

/* Begin XCConfigurationList section */
		01787FAE243B4E6400FF6CAC /* Build configuration list for PBXProject "healthKitRead" */ = {
			isa = XCConfigurationList;
			buildConfigurations = (
				01787FC5243B4E6600FF6CAC /* Debug */,
				01787FC6243B4E6600FF6CAC /* Release */,
			);
			defaultConfigurationIsVisible = 0;
			defaultConfigurationName = Release;
		};
		01787FC7243B4E6600FF6CAC /* Build configuration list for PBXNativeTarget "healthKitRead" */ = {
			isa = XCConfigurationList;
			buildConfigurations = (
				01787FC8243B4E6600FF6CAC /* Debug */,
				01787FC9243B4E6600FF6CAC /* Release */,
			);
			defaultConfigurationIsVisible = 0;
			defaultConfigurationName = Release;
		};
/* End XCConfigurationList section */
	};
	rootObject = 01787FAB243B4E6400FF6CAC /* Project object */;
}
